
Microsoft Visual Studio Solution File, Format Version 12.00
# Visual Studio Version 16
VisualStudioVersion = 16.0.31424.327
MinimumVisualStudioVersion = 10.0.40219.1
Project("{FAE04EC0-301F-11D3-BF4B-00C04F79EFBC}") = "JogoForcaNet3", "JogoForcaNet3\JogoForcaNet3.csproj", "{889AA763-C167-4BE2-9E99-CF2DD2A1723B}"
EndProject
Global
	GlobalSection(SolutionConfigurationPlatforms) = preSolution
		Debug|Any CPU = Debug|Any CPU
		Release|Any CPU = Release|Any CPU
	EndGlobalSection
	GlobalSection(ProjectConfigurationPlatforms) = postSolution
		{889AA763-C167-4BE2-9E99-CF2DD2A1723B}.Debug|Any CPU.ActiveCfg = Debug|Any CPU
		{889AA763-C167-4BE2-9E99-CF2DD2A1723B}.Debug|Any CPU.Build.0 = Debug|Any CPU
		{889AA763-C167-4BE2-9E99-CF2DD2A1723B}.Release|Any CPU.ActiveCfg = Release|Any CPU
		{889AA763-C167-4BE2-9E99-CF2DD2A1723B}.Release|Any CPU.Build.0 = Release|Any CPU
	EndGlobalSection
	GlobalSection(SolutionProperties) = preSolution
		HideSolutionNode = FALSE
	EndGlobalSection
	GlobalSection(ExtensibilityGlobals) = postSolution
		SolutionGuid = {BDA5BF3D-1D76-4831-8F38-EF43F91EAC90}
	EndGlobalSection
EndGlobal
